{
  "version": 4,
  "terraform_version": "1.5.4",
  "serial": 3,
  "lineage": "8df4439c-f1f0-e3d7-f677-49fb37bff265",
  "outputs": {},
  "resources": [
    {
      "mode": "managed",
      "type": "docker_image",
      "name": "linux_image",
      "provider": "provider[\"registry.terraform.io/kreuzwerker/docker\"]",
      "instances": [
        {
          "schema_version": 0,
          "attributes": {
            "build": [],
            "force_remove": null,
            "id": "sha256:5a81c4b8502e4979e75bd8f91343b95b0d695ab67f241dbed0d1530a35bde1ebubuntu:latest",
            "image_id": "sha256:5a81c4b8502e4979e75bd8f91343b95b0d695ab67f241dbed0d1530a35bde1eb",
            "keep_locally": null,
            "name": "ubuntu:latest",
            "platform": null,
            "pull_triggers": null,
            "repo_digest": "ubuntu@sha256:0bced47fffa3361afa981854fcabcd4577cd43cebbb808cea2b1f33a3dd7f508",
            "triggers": null
          },
          "sensitive_attributes": [],
          "private": "bnVsbA=="
        }
      ]
    }
  ],
  "check_results": null
}
